
Microsoft Visual Studio Solution File, Format Version 12.00
# Visual Studio Version 16
VisualStudioVersion = 16.0.33027.164
MinimumVisualStudioVersion = 10.0.40219.1
Project("{FAE04EC0-301F-11D3-BF4B-00C04F79EFBC}") = "Курсач", "Курсач.csproj", "{01780E74-DB86-4857-B59D-7FE87845407C}"
EndProject
Global
	GlobalSection(SolutionConfigurationPlatforms) = preSolution
		Debug|Any CPU = Debug|Any CPU
		Release|Any CPU = Release|Any CPU
	EndGlobalSection
	GlobalSection(ProjectConfigurationPlatforms) = postSolution
		{01780E74-DB86-4857-B59D-7FE87845407C}.Debug|Any CPU.ActiveCfg = Debug|Any CPU
		{01780E74-DB86-4857-B59D-7FE87845407C}.Debug|Any CPU.Build.0 = Debug|Any CPU
		{01780E74-DB86-4857-B59D-7FE87845407C}.Release|Any CPU.ActiveCfg = Release|Any CPU
		{01780E74-DB86-4857-B59D-7FE87845407C}.Release|Any CPU.Build.0 = Release|Any CPU
	EndGlobalSection
	GlobalSection(SolutionProperties) = preSolution
		HideSolutionNode = FALSE
	EndGlobalSection
	GlobalSection(ExtensibilityGlobals) = postSolution
		SolutionGuid = {92D3CB38-18AC-4675-8675-059484529713}
	EndGlobalSection
EndGlobal
